// !$*UTF8*$!
{
	archiveVersion = 1;
	classes = {
	};
	objectVersion = 46;
	objects = {

/* Begin PBXBuildFile section */
		F21EA3241F45F57D009AFF00 /* main.m in Sources */ = {isa = PBXBuildFile; fileRef = F21EA3231F45F57D009AFF00 /* main.m */; };
		F21EA3271F45F57D009AFF00 /* AppDelegate.m in Sources */ = {isa = PBXBuildFile; fileRef = F21EA3261F45F57D009AFF00 /* AppDelegate.m */; };
		F21EA32F1F45F57D009AFF00 /* Assets.xcassets in Resources */ = {isa = PBXBuildFile; fileRef = F21EA32E1F45F57D009AFF00 /* Assets.xcassets */; };
		F21EA3321F45F57D009AFF00 /* LaunchScreen.storyboard in Resources */ = {isa = PBXBuildFile; fileRef = F21EA3301F45F57D009AFF00 /* LaunchScreen.storyboard */; };
		F21EA34C1F4A1F69009AFF00 /* TableVC.m in Sources */ = {isa = PBXBuildFile; fileRef = F21EA34A1F4A1F69009AFF00 /* TableVC.m */; };
		F21EA34D1F4A1F69009AFF00 /* TableVC.xib in Resources */ = {isa = PBXBuildFile; fileRef = F21EA34B1F4A1F69009AFF00 /* TableVC.xib */; };
		F21EA3531F4BE3B0009AFF00 /* TableViewCell.m in Sources */ = {isa = PBXBuildFile; fileRef = F21EA3511F4BE3B0009AFF00 /* TableViewCell.m */; };
		F21EA3541F4BE3B0009AFF00 /* TableViewCell.xib in Resources */ = {isa = PBXBuildFile; fileRef = F21EA3521F4BE3B0009AFF00 /* TableViewCell.xib */; };
		F21EA3581F4BEEDA009AFF00 /* Muppet.m in Sources */ = {isa = PBXBuildFile; fileRef = F21EA3571F4BEEDA009AFF00 /* Muppet.m */; };
		F21EA35D1F4DD76C009AFF00 /* DetailVC.m in Sources */ = {isa = PBXBuildFile; fileRef = F21EA35B1F4DD76C009AFF00 /* DetailVC.m */; };
		F21EA35E1F4DD76C009AFF00 /* DetailVC.xib in Resources */ = {isa = PBXBuildFile; fileRef = F21EA35C1F4DD76C009AFF00 /* DetailVC.xib */; };
		F2AFCE681F4FE23C007BC7A4 /* View.xib in Resources */ = {isa = PBXBuildFile; fileRef = F2AFCE671F4FE23C007BC7A4 /* View.xib */; };
		F2E9FCFC1F4EB56A0092F3BE /* QASharedModel.m in Sources */ = {isa = PBXBuildFile; fileRef = F2E9FCFB1F4EB56A0092F3BE /* QASharedModel.m */; };
/* End PBXBuildFile section */

/* Begin PBXFileReference section */
		F21EA31F1F45F57D009AFF00 /* Muppets.app */ = {isa = PBXFileReference; explicitFileType = wrapper.application; includeInIndex = 0; path = Muppets.app; sourceTree = BUILT_PRODUCTS_DIR; };
		F21EA3231F45F57D009AFF00 /* main.m */ = {isa = PBXFileReference; lastKnownFileType = sourcecode.c.objc; path = main.m; sourceTree = "<group>"; };
		F21EA3251F45F57D009AFF00 /* AppDelegate.h */ = {isa = PBXFileReference; lastKnownFileType = sourcecode.c.h; path = AppDelegate.h; sourceTree = "<group>"; };
		F21EA3261F45F57D009AFF00 /* AppDelegate.m */ = {isa = PBXFileReference; lastKnownFileType = sourcecode.c.objc; path = AppDelegate.m; sourceTree = "<group>"; };
		F21EA32E1F45F57D009AFF00 /* Assets.xcassets */ = {isa = PBXFileReference; lastKnownFileType = folder.assetcatalog; path = Assets.xcassets; sourceTree = "<group>"; };
		F21EA3311F45F57D009AFF00 /* Base */ = {isa = PBXFileReference; lastKnownFileType = file.storyboard; name = Base; path = Base.lproj/LaunchScreen.storyboard; sourceTree = "<group>"; };
		F21EA3331F45F57D009AFF00 /* Info.plist */ = {isa = PBXFileReference; lastKnownFileType = text.plist.xml; path = Info.plist; sourceTree = "<group>"; };
		F21EA3491F4A1F69009AFF00 /* TableVC.h */ = {isa = PBXFileReference; fileEncoding = 4; lastKnownFileType = sourcecode.c.h; path = TableVC.h; sourceTree = "<group>"; };
		F21EA34A1F4A1F69009AFF00 /* TableVC.m */ = {isa = PBXFileReference; fileEncoding = 4; lastKnownFileType = sourcecode.c.objc; path = TableVC.m; sourceTree = "<group>"; };
		F21EA34B1F4A1F69009AFF00 /* TableVC.xib */ = {isa = PBXFileReference; fileEncoding = 4; lastKnownFileType = file.xib; path = TableVC.xib; sourceTree = "<group>"; };
		F21EA3501F4BE3B0009AFF00 /* TableViewCell.h */ = {isa = PBXFileReference; fileEncoding = 4; lastKnownFileType = sourcecode.c.h; name = TableViewCell.h; path = ../TableViewCell.h; sourceTree = "<group>"; };
		F21EA3511F4BE3B0009AFF00 /* TableViewCell.m */ = {isa = PBXFileReference; fileEncoding = 4; lastKnownFileType = sourcecode.c.objc; name = TableViewCell.m; path = ../TableViewCell.m; sourceTree = "<group>"; };
		F21EA3521F4BE3B0009AFF00 /* TableViewCell.xib */ = {isa = PBXFileReference; fileEncoding = 4; lastKnownFileType = file.xib; name = TableViewCell.xib; path = ../TableViewCell.xib; sourceTree = "<group>"; };
		F21EA3571F4BEEDA009AFF00 /* Muppet.m */ = {isa = PBXFileReference; fileEncoding = 4; lastKnownFileType = sourcecode.c.objc; path = Muppet.m; sourceTree = "<group>"; };
		F21EA3591F4BEF03009AFF00 /* Muppet.h */ = {isa = PBXFileReference; explicitFileType = sourcecode.c.objc; path = Muppet.h; sourceTree = "<group>"; };
		F21EA35A1F4DD76C009AFF00 /* DetailVC.h */ = {isa = PBXFileReference; fileEncoding = 4; lastKnownFileType = sourcecode.c.h; path = DetailVC.h; sourceTree = "<group>"; };
		F21EA35B1F4DD76C009AFF00 /* DetailVC.m */ = {isa = PBXFileReference; fileEncoding = 4; lastKnownFileType = sourcecode.c.objc; path = DetailVC.m; sourceTree = "<group>"; };
		F21EA35C1F4DD76C009AFF00 /* DetailVC.xib */ = {isa = PBXFileReference; fileEncoding = 4; lastKnownFileType = file.xib; path = DetailVC.xib; sourceTree = "<group>"; };
		F2AFCE671F4FE23C007BC7A4 /* View.xib */ = {isa = PBXFileReference; fileEncoding = 4; lastKnownFileType = file.xib; path = View.xib; sourceTree = "<group>"; };
		F2E9FCFA1F4EB56A0092F3BE /* QASharedModel.h */ = {isa = PBXFileReference; fileEncoding = 4; lastKnownFileType = sourcecode.c.h; path = QASharedModel.h; sourceTree = "<group>"; };
		F2E9FCFB1F4EB56A0092F3BE /* QASharedModel.m */ = {isa = PBXFileReference; fileEncoding = 4; lastKnownFileType = sourcecode.c.objc; path = QASharedModel.m; sourceTree = "<group>"; };
/* End PBXFileReference section */

/* Begin PBXFrameworksBuildPhase section */
		F21EA31C1F45F57D009AFF00 /* Frameworks */ = {
			isa = PBXFrameworksBuildPhase;
			buildActionMask = 2147483647;
			files = (
			);
			runOnlyForDeploymentPostprocessing = 0;
		};
/* End PBXFrameworksBuildPhase section */

/* Begin PBXGroup section */
		F21EA3161F45F57C009AFF00 = {
			isa = PBXGroup;
			children = (
				F21EA3211F45F57D009AFF00 /* Muppets */,
				F21EA3201F45F57D009AFF00 /* Products */,
			);
			sourceTree = "<group>";
		};
		F21EA3201F45F57D009AFF00 /* Products */ = {
			isa = PBXGroup;
			children = (
				F21EA31F1F45F57D009AFF00 /* Muppets.app */,
			);
			name = Products;
			sourceTree = "<group>";
		};
		F21EA3211F45F57D009AFF00 /* Muppets */ = {
			isa = PBXGroup;
			children = (
				F21EA33B1F4A0E86009AFF00 /* Controller */,
				F21EA33A1F4A0E80009AFF00 /* View */,
				F21EA3391F4A0E78009AFF00 /* Model */,
				F21EA32E1F45F57D009AFF00 /* Assets.xcassets */,
				F21EA3221F45F57D009AFF00 /* Supporting Files */,
			);
			path = Muppets;
			sourceTree = "<group>";
		};
		F21EA3221F45F57D009AFF00 /* Supporting Files */ = {
			isa = PBXGroup;
			children = (
				F21EA3251F45F57D009AFF00 /* AppDelegate.h */,
				F21EA3261F45F57D009AFF00 /* AppDelegate.m */,
				F21EA3331F45F57D009AFF00 /* Info.plist */,
				F21EA3301F45F57D009AFF00 /* LaunchScreen.storyboard */,
				F21EA3231F45F57D009AFF00 /* main.m */,
			);
			name = "Supporting Files";
			sourceTree = "<group>";
		};
		F21EA3391F4A0E78009AFF00 /* Model */ = {
			isa = PBXGroup;
			children = (
				F2E9FCFA1F4EB56A0092F3BE /* QASharedModel.h */,
				F2E9FCFB1F4EB56A0092F3BE /* QASharedModel.m */,
				F21EA3571F4BEEDA009AFF00 /* Muppet.m */,
				F21EA3591F4BEF03009AFF00 /* Muppet.h */,
			);
			name = Model;
			sourceTree = "<group>";
		};
		F21EA33A1F4A0E80009AFF00 /* View */ = {
			isa = PBXGroup;
			children = (
				F21EA35C1F4DD76C009AFF00 /* DetailVC.xib */,
				F21EA34B1F4A1F69009AFF00 /* TableVC.xib */,
				F2AFCE671F4FE23C007BC7A4 /* View.xib */,
				F21EA3521F4BE3B0009AFF00 /* TableViewCell.xib */,
			);
			name = View;
			sourceTree = "<group>";
		};
		F21EA33B1F4A0E86009AFF00 /* Controller */ = {
			isa = PBXGroup;
			children = (
				F21EA3501F4BE3B0009AFF00 /* TableViewCell.h */,
				F21EA3511F4BE3B0009AFF00 /* TableViewCell.m */,
				F21EA3491F4A1F69009AFF00 /* TableVC.h */,
				F21EA34A1F4A1F69009AFF00 /* TableVC.m */,
				F21EA35A1F4DD76C009AFF00 /* DetailVC.h */,
				F21EA35B1F4DD76C009AFF00 /* DetailVC.m */,
			);
			name = Controller;
			sourceTree = "<group>";
		};
/* End PBXGroup section */

/* Begin PBXNativeTarget section */
		F21EA31E1F45F57D009AFF00 /* Muppets */ = {
			isa = PBXNativeTarget;
			buildConfigurationList = F21EA3361F45F57D009AFF00 /* Build configuration list for PBXNativeTarget "Muppets" */;
			buildPhases = (
				F21EA31B1F45F57D009AFF00 /* Sources */,
				F21EA31C1F45F57D009AFF00 /* Frameworks */,
				F21EA31D1F45F57D009AFF00 /* Resources */,
			);
			buildRules = (
			);
			dependencies = (
			);
			name = Muppets;
			productName = Muppets;
			productReference = F21EA31F1F45F57D009AFF00 /* Muppets.app */;
			productType = "com.apple.product-type.application";
		};
/* End PBXNativeTarget section */

/* Begin PBXProject section */
		F21EA3171F45F57C009AFF00 /* Project object */ = {
			isa = PBXProject;
			attributes = {
				LastUpgradeCheck = 0820;
				ORGANIZATIONNAME = "Marcin Czerkies";
				TargetAttributes = {
					F21EA31E1F45F57D009AFF00 = {
						CreatedOnToolsVersion = 8.2.1;
						DevelopmentTeam = 7F5NZ85X75;
						ProvisioningStyle = Automatic;
					};
				};
			};
			buildConfigurationList = F21EA31A1F45F57C009AFF00 /* Build configuration list for PBXProject "Muppets" */;
			compatibilityVersion = "Xcode 3.2";
			developmentRegion = English;
			hasScannedForEncodings = 0;
			knownRegions = (
				en,
				Base,
			);
			mainGroup = F21EA3161F45F57C009AFF00;
			productRefGroup = F21EA3201F45F57D009AFF00 /* Products */;
			projectDirPath = "";
			projectRoot = "";
			targets = (
				F21EA31E1F45F57D009AFF00 /* Muppets */,
			);
		};
/* End PBXProject section */

/* Begin PBXResourcesBuildPhase section */
		F21EA31D1F45F57D009AFF00 /* Resources */ = {
			isa = PBXResourcesBuildPhase;
			buildActionMask = 2147483647;
			files = (
				F21EA34D1F4A1F69009AFF00 /* TableVC.xib in Resources */,
				F21EA3541F4BE3B0009AFF00 /* TableViewCell.xib in Resources */,
				F21EA35E1F4DD76C009AFF00 /* DetailVC.xib in Resources */,
				F21EA3321F45F57D009AFF00 /* LaunchScreen.storyboard in Resources */,
				F2AFCE681F4FE23C007BC7A4 /* View.xib in Resources */,
				F21EA32F1F45F57D009AFF00 /* Assets.xcassets in Resources */,
			);
			runOnlyForDeploymentPostprocessing = 0;
		};
/* End PBXResourcesBuildPhase section */

/* Begin PBXSourcesBuildPhase section */
		F21EA31B1F45F57D009AFF00 /* Sources */ = {
			isa = PBXSourcesBuildPhase;
			buildActionMask = 2147483647;
			files = (
				F21EA34C1F4A1F69009AFF00 /* TableVC.m in Sources */,
				F21EA3531F4BE3B0009AFF00 /* TableViewCell.m in Sources */,
				F21EA3581F4BEEDA009AFF00 /* Muppet.m in Sources */,
				F21EA35D1F4DD76C009AFF00 /* DetailVC.m in Sources */,
				F21EA3271F45F57D009AFF00 /* AppDelegate.m in Sources */,
				F21EA3241F45F57D009AFF00 /* main.m in Sources */,
				F2E9FCFC1F4EB56A0092F3BE /* QASharedModel.m in Sources */,
			);
			runOnlyForDeploymentPostprocessing = 0;
		};
/* End PBXSourcesBuildPhase section */

/* Begin PBXVariantGroup section */
		F21EA3301F45F57D009AFF00 /* LaunchScreen.storyboard */ = {
			isa = PBXVariantGroup;
			children = (
				F21EA3311F45F57D009AFF00 /* Base */,
			);
			name = LaunchScreen.storyboard;
			sourceTree = "<group>";
		};
/* End PBXVariantGroup section */

/* Begin XCBuildConfiguration section */
		F21EA3341F45F57D009AFF00 /* Debug */ = {
			isa = XCBuildConfiguration;
			buildSettings = {
				ALWAYS_SEARCH_USER_PATHS = NO;
				CLANG_ANALYZER_NONNULL = YES;
				CLANG_CXX_LANGUAGE_STANDARD = "gnu++0x";
				CLANG_CXX_LIBRARY = "libc++";
				CLANG_ENABLE_MODULES = YES;
				CLANG_ENABLE_OBJC_ARC = YES;
				CLANG_WARN_BOOL_CONVERSION = YES;
				CLANG_WARN_CONSTANT_CONVERSION = YES;
				CLANG_WARN_DIRECT_OBJC_ISA_USAGE = YES_ERROR;
				CLANG_WARN_DOCUMENTATION_COMMENTS = YES;
				CLANG_WARN_EMPTY_BODY = YES;
				CLANG_WARN_ENUM_CONVERSION = YES;
				CLANG_WARN_INFINITE_RECURSION = YES;
				CLANG_WARN_INT_CONVERSION = YES;
				CLANG_WARN_OBJC_ROOT_CLASS = YES_ERROR;
				CLANG_WARN_SUSPICIOUS_MOVE = YES;
				CLANG_WARN_UNREACHABLE_CODE = YES;
				CLANG_WARN__DUPLICATE_METHOD_MATCH = YES;
				"CODE_SIGN_IDENTITY[sdk=iphoneos*]" = "iPhone Developer";
				COPY_PHASE_STRIP = NO;
				DEBUG_INFORMATION_FORMAT = dwarf;
				ENABLE_STRICT_OBJC_MSGSEND = YES;
				ENABLE_TESTABILITY = YES;
				GCC_C_LANGUAGE_STANDARD = gnu99;
				GCC_DYNAMIC_NO_PIC = NO;
				GCC_NO_COMMON_BLOCKS = YES;
				GCC_OPTIMIZATION_LEVEL = 0;
				GCC_PREPROCESSOR_DEFINITIONS = (
					"DEBUG=1",
					"$(inherited)",
				);
				GCC_WARN_64_TO_32_BIT_CONVERSION = YES;
				GCC_WARN_ABOUT_RETURN_TYPE = YES_ERROR;
				GCC_WARN_UNDECLARED_SELECTOR = YES;
				GCC_WARN_UNINITIALIZED_AUTOS = YES_AGGRESSIVE;
				GCC_WARN_UNUSED_FUNCTION = YES;
				GCC_WARN_UNUSED_VARIABLE = YES;
				IPHONEOS_DEPLOYMENT_TARGET = 10.2;
				MTL_ENABLE_DEBUG_INFO = YES;
				ONLY_ACTIVE_ARCH = YES;
				SDKROOT = iphoneos;
			};
			name = Debug;
		};
		F21EA3351F45F57D009AFF00 /* Release */ = {
			isa = XCBuildConfiguration;
			buildSettings = {
				ALWAYS_SEARCH_USER_PATHS = NO;
				CLANG_ANALYZER_NONNULL = YES;
				CLANG_CXX_LANGUAGE_STANDARD = "gnu++0x";
				CLANG_CXX_LIBRARY = "libc++";
				CLANG_ENABLE_MODULES = YES;
				CLANG_ENABLE_OBJC_ARC = YES;
				CLANG_WARN_BOOL_CONVERSION = YES;
				CLANG_WARN_CONSTANT_CONVERSION = YES;
				CLANG_WARN_DIRECT_OBJC_ISA_USAGE = YES_ERROR;
				CLANG_WARN_DOCUMENTATION_COMMENTS = YES;
				CLANG_WARN_EMPTY_BODY = YES;
				CLANG_WARN_ENUM_CONVERSION = YES;
				CLANG_WARN_INFINITE_RECURSION = YES;
				CLANG_WARN_INT_CONVERSION = YES;
				CLANG_WARN_OBJC_ROOT_CLASS = YES_ERROR;
				CLANG_WARN_SUSPICIOUS_MOVE = YES;
				CLANG_WARN_UNREACHABLE_CODE = YES;
				CLANG_WARN__DUPLICATE_METHOD_MATCH = YES;
				"CODE_SIGN_IDENTITY[sdk=iphoneos*]" = "iPhone Developer";
				COPY_PHASE_STRIP = NO;
				DEBUG_INFORMATION_FORMAT = "dwarf-with-dsym";
				ENABLE_NS_ASSERTIONS = NO;
				ENABLE_STRICT_OBJC_MSGSEND = YES;
				GCC_C_LANGUAGE_STANDARD = gnu99;
				GCC_NO_COMMON_BLOCKS = YES;
				GCC_WARN_64_TO_32_BIT_CONVERSION = YES;
				GCC_WARN_ABOUT_RETURN_TYPE = YES_ERROR;
				GCC_WARN_UNDECLARED_SELECTOR = YES;
				GCC_WARN_UNINITIALIZED_AUTOS = YES_AGGRESSIVE;
				GCC_WARN_UNUSED_FUNCTION = YES;
				GCC_WARN_UNUSED_VARIABLE = YES;
				IPHONEOS_DEPLOYMENT_TARGET = 10.2;
				MTL_ENABLE_DEBUG_INFO = NO;
				SDKROOT = iphoneos;
				VALIDATE_PRODUCT = YES;
			};
			name = Release;
		};
		F21EA3371F45F57D009AFF00 /* Debug */ = {
			isa = XCBuildConfiguration;
			buildSettings = {
				ASSETCATALOG_COMPILER_APPICON_NAME = AppIcon;
				"CODE_SIGN_IDENTITY[sdk=iphoneos*]" = "iPhone Developer";
				DEVELOPMENT_TEAM = 7F5NZ85X75;
				INFOPLIST_FILE = Muppets/Info.plist;
				LD_RUNPATH_SEARCH_PATHS = "$(inherited) @executable_path/Frameworks";
				PRODUCT_BUNDLE_IDENTIFIER = com.MarcinCzerkies.Muppets;
				PRODUCT_NAME = "$(TARGET_NAME)";
				PROVISIONING_PROFILE = "";
				PROVISIONING_PROFILE_SPECIFIER = "";
			};
			name = Debug;
		};
		F21EA3381F45F57D009AFF00 /* Release */ = {
			isa = XCBuildConfiguration;
			buildSettings = {
				ASSETCATALOG_COMPILER_APPICON_NAME = AppIcon;
				"CODE_SIGN_IDENTITY[sdk=iphoneos*]" = "iPhone Developer";
				DEVELOPMENT_TEAM = 7F5NZ85X75;
				INFOPLIST_FILE = Muppets/Info.plist;
				LD_RUNPATH_SEARCH_PATHS = "$(inherited) @executable_path/Frameworks";
				PRODUCT_BUNDLE_IDENTIFIER = com.MarcinCzerkies.Muppets;
				PRODUCT_NAME = "$(TARGET_NAME)";
				PROVISIONING_PROFILE = "";
				PROVISIONING_PROFILE_SPECIFIER = "";
			};
			name = Release;
		};
/* End XCBuildConfiguration section */

/* Begin XCConfigurationList section */
		F21EA31A1F45F57C009AFF00 /* Build configuration list for PBXProject "Muppets" */ = {
			isa = XCConfigurationList;
			buildConfigurations = (
				F21EA3341F45F57D009AFF00 /* Debug */,
				F21EA3351F45F57D009AFF00 /* Release */,
			);
			defaultConfigurationIsVisible = 0;
			defaultConfigurationName = Release;
		};
		F21EA3361F45F57D009AFF00 /* Build configuration list for PBXNativeTarget "Muppets" */ = {
			isa = XCConfigurationList;
			buildConfigurations = (
				F21EA3371F45F57D009AFF00 /* Debug */,
				F21EA3381F45F57D009AFF00 /* Release */,
			);
			defaultConfigurationIsVisible = 0;
			defaultConfigurationName = Release;
		};
/* End XCConfigurationList section */
	};
	rootObject = F21EA3171F45F57C009AFF00 /* Project object */;
}
